
Microsoft Visual Studio Solution File, Format Version 12.00
# Visual Studio Version 16
VisualStudioVersion = 16.0.34031.81
MinimumVisualStudioVersion = 10.0.40219.1
Project("{2150E333-8FDC-42A3-9474-1A3956D46DE8}") = "Task0", "Task0", "{B5E5AF20-7A21-4396-A587-DF015E399720}"
EndProject
Project("{FAE04EC0-301F-11D3-BF4B-00C04F79EFBC}") = "Tyuiu.ShabanovMS.Sprint1.Task0.V25.Lib", "Tyuiu.ShabanovMS.Sprint1.Task0.V25.Lib\Tyuiu.ShabanovMS.Sprint1.Task0.V25.Lib.csproj", "{8ADE8EE3-C0C2-4FEE-A76E-F967E3330F74}"
EndProject
Project("{FAE04EC0-301F-11D3-BF4B-00C04F79EFBC}") = "Tyuiu.ShabanovMS.Sprint1.Task0.V25.Test", "Tyuiu.ShabanovMS.Sprint1.Task0.V25.Test\Tyuiu.ShabanovMS.Sprint1.Task0.V25.Test.csproj", "{3229EBAC-ACD2-4A89-889E-B77DA25F0582}"
EndProject
Project("{2150E333-8FDC-42A3-9474-1A3956D46DE8}") = "Task1", "Task1", "{9858D5E7-0240-4814-A642-E123839324E3}"
EndProject
Project("{FAE04EC0-301F-11D3-BF4B-00C04F79EFBC}") = "Tyuiu.ShabanovMS.Sprint1.Task1.V24", "Tyuiu.ShabanovMS.Sprint1.Task1.V24\Tyuiu.ShabanovMS.Sprint1.Task1.V24.csproj", "{399F49E7-93D1-43B3-B4B5-274059DF3861}"
EndProject
Project("{FAE04EC0-301F-11D3-BF4B-00C04F79EFBC}") = "Tyuiu.ShabanovMS.Sprint1.Task1.V24.Lib", "Tyuiu.ShabanovMS.Sprint1.Task1.V24.Lib\Tyuiu.ShabanovMS.Sprint1.Task1.V24.Lib.csproj", "{CE40B8A2-A709-405D-9932-0DFA7DA7CD7E}"
EndProject
Project("{FAE04EC0-301F-11D3-BF4B-00C04F79EFBC}") = "Tyuiu.ShabanovMS.Sprint1.Task1.V24.Test", "Tyuiu.ShabanovMS.Sprint1.Task1.V24.Test\Tyuiu.ShabanovMS.Sprint1.Task1.V24.Test.csproj", "{99AB5426-8A4E-46A1-B20E-736A7493F8A2}"
EndProject
Project("{FAE04EC0-301F-11D3-BF4B-00C04F79EFBC}") = "Tyuiu.ShabanovMS.Sprint1.Task0.V25", "Tyuiu.ShabanovMS.Sprint1.Task0.V25\Tyuiu.ShabanovMS.Sprint1.Task0.V25.csproj", "{7C5047D4-C6E1-4E42-A8E7-9B02D388C2F3}"
EndProject
Project("{2150E333-8FDC-42A3-9474-1A3956D46DE8}") = "Task2", "Task2", "{927F8036-FFD2-4914-B319-0D89D2CEC63C}"
EndProject
Project("{FAE04EC0-301F-11D3-BF4B-00C04F79EFBC}") = "Tyuiu.ShabanovMS.Sprint1.Task2.V23", "Tyuiu.ShabanovMS.Sprint1.Task2.V23\Tyuiu.ShabanovMS.Sprint1.Task2.V23.csproj", "{B83BC1CA-8A1D-4CC2-8056-ADE0B7F90AD8}"
EndProject
Project("{FAE04EC0-301F-11D3-BF4B-00C04F79EFBC}") = "Tyuiu.ShabanovMS.Sprint1.Task2.V23.Lib", "Tyuiu.ShabanovMS.Sprint1.Task2.V23.Lib\Tyuiu.ShabanovMS.Sprint1.Task2.V23.Lib.csproj", "{FD5C30F5-515D-4EF7-A77D-54E1ABE163B0}"
EndProject
Project("{FAE04EC0-301F-11D3-BF4B-00C04F79EFBC}") = "Tyuiu.ShabanovMS.Sprint1.Task2.V23.Test", "Tyuiu.ShabanovMS.Sprint1.Task2.V23.Test\Tyuiu.ShabanovMS.Sprint1.Task2.V23.Test.csproj", "{36FD106C-F80C-4CEA-BEA8-9DA24C9390EB}"
EndProject
Project("{2150E333-8FDC-42A3-9474-1A3956D46DE8}") = "Task3", "Task3", "{63B5C8D5-48B1-4C35-AA7E-F58AE15AE964}"
EndProject
Project("{FAE04EC0-301F-11D3-BF4B-00C04F79EFBC}") = "Tyuiu.ShabanovMS.Sprint1.Task3.V11", "Tyuiu.ShabanovMS.Sprint1.Task3.V11\Tyuiu.ShabanovMS.Sprint1.Task3.V11.csproj", "{74855FA7-FCF6-4B5B-9528-961A55B9E4A9}"
EndProject
Project("{FAE04EC0-301F-11D3-BF4B-00C04F79EFBC}") = "Tyuiu.ShabanovMS.Sprint1.Task3.V11.Lib", "Tyuiu.ShabanovMS.Sprint1.Task3.V11.Lib\Tyuiu.ShabanovMS.Sprint1.Task3.V11.Lib.csproj", "{0C6224F3-FB19-4BA2-909A-520B8C549CC2}"
EndProject
Project("{FAE04EC0-301F-11D3-BF4B-00C04F79EFBC}") = "Tyuiu.ShabanovMS.Sprint1.Task3.V11.Test", "Tyuiu.ShabanovMS.Sprint1.Task3.V11.Test\Tyuiu.ShabanovMS.Sprint1.Task3.V11.Test.csproj", "{3D5DD6FC-D28A-4AAE-9D90-A4A6CD7AE388}"
EndProject
Project("{2150E333-8FDC-42A3-9474-1A3956D46DE8}") = "Task4", "Task4", "{07011404-CE84-4EA5-85B4-AD90BE8A0AFD}"
EndProject
Project("{FAE04EC0-301F-11D3-BF4B-00C04F79EFBC}") = "Tyuiu.ShabanovMS.Sprint1.Task4.V19", "Tyuiu.ShabanovMS.Sprint1.Task4.V19\Tyuiu.ShabanovMS.Sprint1.Task4.V19.csproj", "{90543148-D821-4F82-81B8-E6B28C49AC62}"
EndProject
Project("{FAE04EC0-301F-11D3-BF4B-00C04F79EFBC}") = "Tyuiu.ShabanovMS.Sprint1.Task4.V19.Lib", "Tyuiu.ShabanovMS.Sprint1.Task4.V19.Lib\Tyuiu.ShabanovMS.Sprint1.Task4.V19.Lib.csproj", "{EAA9D093-F513-4CCA-98EF-F9BCCF060AC4}"
EndProject
Project("{FAE04EC0-301F-11D3-BF4B-00C04F79EFBC}") = "Tyuiu.ShabanovMS.Sprint1.Task4.V19.Test", "Tyuiu.ShabanovMS.Sprint1.Task4.V19.Test\Tyuiu.ShabanovMS.Sprint1.Task4.V19.Test.csproj", "{39B0DE89-A9C8-4FB6-9F00-117FD5BE109D}"
EndProject
Project("{2150E333-8FDC-42A3-9474-1A3956D46DE8}") = "Task5", "Task5", "{DC4F952D-D796-46D3-92AE-683738AB4F4C}"
EndProject
Project("{FAE04EC0-301F-11D3-BF4B-00C04F79EFBC}") = "Tyuiu.ShabanovMS.Sprint1.Task5.V2", "Tyuiu.ShabanovMS.Sprint1.Task5.V2\Tyuiu.ShabanovMS.Sprint1.Task5.V2.csproj", "{1D1A02EA-9263-4B62-9037-F57560CCEEEF}"
EndProject
Project("{FAE04EC0-301F-11D3-BF4B-00C04F79EFBC}") = "Tyuiu.ShabanovMS.Sprint1.Task5.V2.Lib", "Tyuiu.ShabanovMS.Sprint1.Task5.V2.Lib\Tyuiu.ShabanovMS.Sprint1.Task5.V2.Lib.csproj", "{1A29155B-B408-4EFE-AF4D-9D5A8D484765}"
EndProject
Project("{FAE04EC0-301F-11D3-BF4B-00C04F79EFBC}") = "Tyuiu.ShabanovMS.Sprint1.Task5.V2.Test", "Tyuiu.ShabanovMS.Sprint1.Task5.V2.Test\Tyuiu.ShabanovMS.Sprint1.Task5.V2.Test.csproj", "{35525358-53EC-4523-9D1A-7E7FB7B056B3}"
EndProject
Project("{2150E333-8FDC-42A3-9474-1A3956D46DE8}") = "Task6", "Task6", "{9AF50952-2BEE-4615-A9AE-E5A91D23FBCD}"
EndProject
Project("{FAE04EC0-301F-11D3-BF4B-00C04F79EFBC}") = "Tyuiu.ShabanovMS.Sprint1.Task6.V15", "Tyuiu.ShabanovMS.Sprint1.Task6.V15\Tyuiu.ShabanovMS.Sprint1.Task6.V15.csproj", "{FD267CB1-1992-4035-AF7C-4F0CB7F67BF7}"
EndProject
Project("{FAE04EC0-301F-11D3-BF4B-00C04F79EFBC}") = "Tyuiu.ShabanovMS.Sprint1.Task6.V15.Lib", "Tyuiu.ShabanovMS.Sprint1.Task6.V15.Lib\Tyuiu.ShabanovMS.Sprint1.Task6.V15.Lib.csproj", "{FAC05B1F-7229-485F-B2B6-1058F3442804}"
EndProject
Project("{FAE04EC0-301F-11D3-BF4B-00C04F79EFBC}") = "Tyuiu.ShabanovMS.Sprint1.Task6.V15.Test", "Tyuiu.ShabanovMS.Sprint1.Task6.V15.Test\Tyuiu.ShabanovMS.Sprint1.Task6.V15.Test.csproj", "{5E1B9938-8034-4E0E-B235-68E9FC95B9D8}"
EndProject
Global
	GlobalSection(SolutionConfigurationPlatforms) = preSolution
		Debug|Any CPU = Debug|Any CPU
		Release|Any CPU = Release|Any CPU
	EndGlobalSection
	GlobalSection(ProjectConfigurationPlatforms) = postSolution
		{8ADE8EE3-C0C2-4FEE-A76E-F967E3330F74}.Debug|Any CPU.ActiveCfg = Debug|Any CPU
		{8ADE8EE3-C0C2-4FEE-A76E-F967E3330F74}.Debug|Any CPU.Build.0 = Debug|Any CPU
		{8ADE8EE3-C0C2-4FEE-A76E-F967E3330F74}.Release|Any CPU.ActiveCfg = Release|Any CPU
		{8ADE8EE3-C0C2-4FEE-A76E-F967E3330F74}.Release|Any CPU.Build.0 = Release|Any CPU
		{3229EBAC-ACD2-4A89-889E-B77DA25F0582}.Debug|Any CPU.ActiveCfg = Debug|Any CPU
		{3229EBAC-ACD2-4A89-889E-B77DA25F0582}.Debug|Any CPU.Build.0 = Debug|Any CPU
		{3229EBAC-ACD2-4A89-889E-B77DA25F0582}.Release|Any CPU.ActiveCfg = Release|Any CPU
		{3229EBAC-ACD2-4A89-889E-B77DA25F0582}.Release|Any CPU.Build.0 = Release|Any CPU
		{399F49E7-93D1-43B3-B4B5-274059DF3861}.Debug|Any CPU.ActiveCfg = Debug|Any CPU
		{399F49E7-93D1-43B3-B4B5-274059DF3861}.Debug|Any CPU.Build.0 = Debug|Any CPU
		{399F49E7-93D1-43B3-B4B5-274059DF3861}.Release|Any CPU.ActiveCfg = Release|Any CPU
		{399F49E7-93D1-43B3-B4B5-274059DF3861}.Release|Any CPU.Build.0 = Release|Any CPU
		{CE40B8A2-A709-405D-9932-0DFA7DA7CD7E}.Debug|Any CPU.ActiveCfg = Debug|Any CPU
		{CE40B8A2-A709-405D-9932-0DFA7DA7CD7E}.Debug|Any CPU.Build.0 = Debug|Any CPU
		{CE40B8A2-A709-405D-9932-0DFA7DA7CD7E}.Release|Any CPU.ActiveCfg = Release|Any CPU
		{CE40B8A2-A709-405D-9932-0DFA7DA7CD7E}.Release|Any CPU.Build.0 = Release|Any CPU
		{99AB5426-8A4E-46A1-B20E-736A7493F8A2}.Debug|Any CPU.ActiveCfg = Debug|Any CPU
		{99AB5426-8A4E-46A1-B20E-736A7493F8A2}.Debug|Any CPU.Build.0 = Debug|Any CPU
		{99AB5426-8A4E-46A1-B20E-736A7493F8A2}.Release|Any CPU.ActiveCfg = Release|Any CPU
		{99AB5426-8A4E-46A1-B20E-736A7493F8A2}.Release|Any CPU.Build.0 = Release|Any CPU
		{7C5047D4-C6E1-4E42-A8E7-9B02D388C2F3}.Debug|Any CPU.ActiveCfg = Debug|Any CPU
		{7C5047D4-C6E1-4E42-A8E7-9B02D388C2F3}.Debug|Any CPU.Build.0 = Debug|Any CPU
		{7C5047D4-C6E1-4E42-A8E7-9B02D388C2F3}.Release|Any CPU.ActiveCfg = Release|Any CPU
		{7C5047D4-C6E1-4E42-A8E7-9B02D388C2F3}.Release|Any CPU.Build.0 = Release|Any CPU
		{B83BC1CA-8A1D-4CC2-8056-ADE0B7F90AD8}.Debug|Any CPU.ActiveCfg = Debug|Any CPU
		{B83BC1CA-8A1D-4CC2-8056-ADE0B7F90AD8}.Debug|Any CPU.Build.0 = Debug|Any CPU
		{B83BC1CA-8A1D-4CC2-8056-ADE0B7F90AD8}.Release|Any CPU.ActiveCfg = Release|Any CPU
		{B83BC1CA-8A1D-4CC2-8056-ADE0B7F90AD8}.Release|Any CPU.Build.0 = Release|Any CPU
		{FD5C30F5-515D-4EF7-A77D-54E1ABE163B0}.Debug|Any CPU.ActiveCfg = Debug|Any CPU
		{FD5C30F5-515D-4EF7-A77D-54E1ABE163B0}.Debug|Any CPU.Build.0 = Debug|Any CPU
		{FD5C30F5-515D-4EF7-A77D-54E1ABE163B0}.Release|Any CPU.ActiveCfg = Release|Any CPU
		{FD5C30F5-515D-4EF7-A77D-54E1ABE163B0}.Release|Any CPU.Build.0 = Release|Any CPU
		{36FD106C-F80C-4CEA-BEA8-9DA24C9390EB}.Debug|Any CPU.ActiveCfg = Debug|Any CPU
		{36FD106C-F80C-4CEA-BEA8-9DA24C9390EB}.Debug|Any CPU.Build.0 = Debug|Any CPU
		{36FD106C-F80C-4CEA-BEA8-9DA24C9390EB}.Release|Any CPU.ActiveCfg = Release|Any CPU
		{36FD106C-F80C-4CEA-BEA8-9DA24C9390EB}.Release|Any CPU.Build.0 = Release|Any CPU
		{74855FA7-FCF6-4B5B-9528-961A55B9E4A9}.Debug|Any CPU.ActiveCfg = Debug|Any CPU
		{74855FA7-FCF6-4B5B-9528-961A55B9E4A9}.Debug|Any CPU.Build.0 = Debug|Any CPU
		{74855FA7-FCF6-4B5B-9528-961A55B9E4A9}.Release|Any CPU.ActiveCfg = Release|Any CPU
		{74855FA7-FCF6-4B5B-9528-961A55B9E4A9}.Release|Any CPU.Build.0 = Release|Any CPU
		{0C6224F3-FB19-4BA2-909A-520B8C549CC2}.Debug|Any CPU.ActiveCfg = Debug|Any CPU
		{0C6224F3-FB19-4BA2-909A-520B8C549CC2}.Debug|Any CPU.Build.0 = Debug|Any CPU
		{0C6224F3-FB19-4BA2-909A-520B8C549CC2}.Release|Any CPU.ActiveCfg = Release|Any CPU
		{0C6224F3-FB19-4BA2-909A-520B8C549CC2}.Release|Any CPU.Build.0 = Release|Any CPU
		{3D5DD6FC-D28A-4AAE-9D90-A4A6CD7AE388}.Debug|Any CPU.ActiveCfg = Debug|Any CPU
		{3D5DD6FC-D28A-4AAE-9D90-A4A6CD7AE388}.Debug|Any CPU.Build.0 = Debug|Any CPU
		{3D5DD6FC-D28A-4AAE-9D90-A4A6CD7AE388}.Release|Any CPU.ActiveCfg = Release|Any CPU
		{3D5DD6FC-D28A-4AAE-9D90-A4A6CD7AE388}.Release|Any CPU.Build.0 = Release|Any CPU
		{90543148-D821-4F82-81B8-E6B28C49AC62}.Debug|Any CPU.ActiveCfg = Debug|Any CPU
		{90543148-D821-4F82-81B8-E6B28C49AC62}.Debug|Any CPU.Build.0 = Debug|Any CPU
		{90543148-D821-4F82-81B8-E6B28C49AC62}.Release|Any CPU.ActiveCfg = Release|Any CPU
		{90543148-D821-4F82-81B8-E6B28C49AC62}.Release|Any CPU.Build.0 = Release|Any CPU
		{EAA9D093-F513-4CCA-98EF-F9BCCF060AC4}.Debug|Any CPU.ActiveCfg = Debug|Any CPU
		{EAA9D093-F513-4CCA-98EF-F9BCCF060AC4}.Debug|Any CPU.Build.0 = Debug|Any CPU
		{EAA9D093-F513-4CCA-98EF-F9BCCF060AC4}.Release|Any CPU.ActiveCfg = Release|Any CPU
		{EAA9D093-F513-4CCA-98EF-F9BCCF060AC4}.Release|Any CPU.Build.0 = Release|Any CPU
		{39B0DE89-A9C8-4FB6-9F00-117FD5BE109D}.Debug|Any CPU.ActiveCfg = Debug|Any CPU
		{39B0DE89-A9C8-4FB6-9F00-117FD5BE109D}.Debug|Any CPU.Build.0 = Debug|Any CPU
		{39B0DE89-A9C8-4FB6-9F00-117FD5BE109D}.Release|Any CPU.ActiveCfg = Release|Any CPU
		{39B0DE89-A9C8-4FB6-9F00-117FD5BE109D}.Release|Any CPU.Build.0 = Release|Any CPU
		{1D1A02EA-9263-4B62-9037-F57560CCEEEF}.Debug|Any CPU.ActiveCfg = Debug|Any CPU
		{1D1A02EA-9263-4B62-9037-F57560CCEEEF}.Debug|Any CPU.Build.0 = Debug|Any CPU
		{1D1A02EA-9263-4B62-9037-F57560CCEEEF}.Release|Any CPU.ActiveCfg = Release|Any CPU
		{1D1A02EA-9263-4B62-9037-F57560CCEEEF}.Release|Any CPU.Build.0 = Release|Any CPU
		{1A29155B-B408-4EFE-AF4D-9D5A8D484765}.Debug|Any CPU.ActiveCfg = Debug|Any CPU
		{1A29155B-B408-4EFE-AF4D-9D5A8D484765}.Debug|Any CPU.Build.0 = Debug|Any CPU
		{1A29155B-B408-4EFE-AF4D-9D5A8D484765}.Release|Any CPU.ActiveCfg = Release|Any CPU
		{1A29155B-B408-4EFE-AF4D-9D5A8D484765}.Release|Any CPU.Build.0 = Release|Any CPU
		{35525358-53EC-4523-9D1A-7E7FB7B056B3}.Debug|Any CPU.ActiveCfg = Debug|Any CPU
		{35525358-53EC-4523-9D1A-7E7FB7B056B3}.Debug|Any CPU.Build.0 = Debug|Any CPU
		{35525358-53EC-4523-9D1A-7E7FB7B056B3}.Release|Any CPU.ActiveCfg = Release|Any CPU
		{35525358-53EC-4523-9D1A-7E7FB7B056B3}.Release|Any CPU.Build.0 = Release|Any CPU
		{FD267CB1-1992-4035-AF7C-4F0CB7F67BF7}.Debug|Any CPU.ActiveCfg = Debug|Any CPU
		{FD267CB1-1992-4035-AF7C-4F0CB7F67BF7}.Debug|Any CPU.Build.0 = Debug|Any CPU
		{FD267CB1-1992-4035-AF7C-4F0CB7F67BF7}.Release|Any CPU.ActiveCfg = Release|Any CPU
		{FD267CB1-1992-4035-AF7C-4F0CB7F67BF7}.Release|Any CPU.Build.0 = Release|Any CPU
		{FAC05B1F-7229-485F-B2B6-1058F3442804}.Debug|Any CPU.ActiveCfg = Debug|Any CPU
		{FAC05B1F-7229-485F-B2B6-1058F3442804}.Debug|Any CPU.Build.0 = Debug|Any CPU
		{FAC05B1F-7229-485F-B2B6-1058F3442804}.Release|Any CPU.ActiveCfg = Release|Any CPU
		{FAC05B1F-7229-485F-B2B6-1058F3442804}.Release|Any CPU.Build.0 = Release|Any CPU
		{5E1B9938-8034-4E0E-B235-68E9FC95B9D8}.Debug|Any CPU.ActiveCfg = Debug|Any CPU
		{5E1B9938-8034-4E0E-B235-68E9FC95B9D8}.Debug|Any CPU.Build.0 = Debug|Any CPU
		{5E1B9938-8034-4E0E-B235-68E9FC95B9D8}.Release|Any CPU.ActiveCfg = Release|Any CPU
		{5E1B9938-8034-4E0E-B235-68E9FC95B9D8}.Release|Any CPU.Build.0 = Release|Any CPU
	EndGlobalSection
	GlobalSection(SolutionProperties) = preSolution
		HideSolutionNode = FALSE
	EndGlobalSection
	GlobalSection(NestedProjects) = preSolution
		{8ADE8EE3-C0C2-4FEE-A76E-F967E3330F74} = {B5E5AF20-7A21-4396-A587-DF015E399720}
		{3229EBAC-ACD2-4A89-889E-B77DA25F0582} = {B5E5AF20-7A21-4396-A587-DF015E399720}
		{399F49E7-93D1-43B3-B4B5-274059DF3861} = {9858D5E7-0240-4814-A642-E123839324E3}
		{CE40B8A2-A709-405D-9932-0DFA7DA7CD7E} = {9858D5E7-0240-4814-A642-E123839324E3}
		{99AB5426-8A4E-46A1-B20E-736A7493F8A2} = {9858D5E7-0240-4814-A642-E123839324E3}
		{7C5047D4-C6E1-4E42-A8E7-9B02D388C2F3} = {B5E5AF20-7A21-4396-A587-DF015E399720}
		{B83BC1CA-8A1D-4CC2-8056-ADE0B7F90AD8} = {927F8036-FFD2-4914-B319-0D89D2CEC63C}
		{FD5C30F5-515D-4EF7-A77D-54E1ABE163B0} = {927F8036-FFD2-4914-B319-0D89D2CEC63C}
		{36FD106C-F80C-4CEA-BEA8-9DA24C9390EB} = {927F8036-FFD2-4914-B319-0D89D2CEC63C}
		{74855FA7-FCF6-4B5B-9528-961A55B9E4A9} = {63B5C8D5-48B1-4C35-AA7E-F58AE15AE964}
		{0C6224F3-FB19-4BA2-909A-520B8C549CC2} = {63B5C8D5-48B1-4C35-AA7E-F58AE15AE964}
		{3D5DD6FC-D28A-4AAE-9D90-A4A6CD7AE388} = {63B5C8D5-48B1-4C35-AA7E-F58AE15AE964}
		{90543148-D821-4F82-81B8-E6B28C49AC62} = {07011404-CE84-4EA5-85B4-AD90BE8A0AFD}
		{EAA9D093-F513-4CCA-98EF-F9BCCF060AC4} = {07011404-CE84-4EA5-85B4-AD90BE8A0AFD}
		{39B0DE89-A9C8-4FB6-9F00-117FD5BE109D} = {07011404-CE84-4EA5-85B4-AD90BE8A0AFD}
		{1D1A02EA-9263-4B62-9037-F57560CCEEEF} = {DC4F952D-D796-46D3-92AE-683738AB4F4C}
		{1A29155B-B408-4EFE-AF4D-9D5A8D484765} = {DC4F952D-D796-46D3-92AE-683738AB4F4C}
		{35525358-53EC-4523-9D1A-7E7FB7B056B3} = {DC4F952D-D796-46D3-92AE-683738AB4F4C}
		{FD267CB1-1992-4035-AF7C-4F0CB7F67BF7} = {9AF50952-2BEE-4615-A9AE-E5A91D23FBCD}
		{FAC05B1F-7229-485F-B2B6-1058F3442804} = {9AF50952-2BEE-4615-A9AE-E5A91D23FBCD}
		{5E1B9938-8034-4E0E-B235-68E9FC95B9D8} = {9AF50952-2BEE-4615-A9AE-E5A91D23FBCD}
	EndGlobalSection
	GlobalSection(ExtensibilityGlobals) = postSolution
		SolutionGuid = {17A692B8-BB01-4BB3-88E4-C9E2241D5CA8}
	EndGlobalSection
EndGlobal
