
Microsoft Visual Studio Solution File, Format Version 12.00
# Visual Studio Version 16
VisualStudioVersion = 16.0.34031.81
MinimumVisualStudioVersion = 10.0.40219.1
Project("{2150E333-8FDC-42A3-9474-1A3956D46DE8}") = "Task0", "Task0", "{B5E5AF20-7A21-4396-A587-DF015E399720}"
EndProject
Project("{FAE04EC0-301F-11D3-BF4B-00C04F79EFBC}") = "Tyuiu.ShabanovMS.Sprint1.Task0.V25.Lib", "Tyuiu.ShabanovMS.Sprint1.Task0.V25.Lib\Tyuiu.ShabanovMS.Sprint1.Task0.V25.Lib.csproj", "{8ADE8EE3-C0C2-4FEE-A76E-F967E3330F74}"
EndProject
Project("{FAE04EC0-301F-11D3-BF4B-00C04F79EFBC}") = "Tyuiu.ShabanovMS.Sprint1.Task0.V25.Test", "Tyuiu.ShabanovMS.Sprint1.Task0.V25.Test\Tyuiu.ShabanovMS.Sprint1.Task0.V25.Test.csproj", "{3229EBAC-ACD2-4A89-889E-B77DA25F0582}"
EndProject
Project("{2150E333-8FDC-42A3-9474-1A3956D46DE8}") = "Task1", "Task1", "{9858D5E7-0240-4814-A642-E123839324E3}"
EndProject
Project("{FAE04EC0-301F-11D3-BF4B-00C04F79EFBC}") = "Tyuiu.ShabanovMS.Sprint1.Task1.V24", "Tyuiu.ShabanovMS.Sprint1.Task1.V24\Tyuiu.ShabanovMS.Sprint1.Task1.V24.csproj", "{399F49E7-93D1-43B3-B4B5-274059DF3861}"
EndProject
Project("{FAE04EC0-301F-11D3-BF4B-00C04F79EFBC}") = "Tyuiu.ShabanovMS.Sprint1.Task1.V24.Lib", "Tyuiu.ShabanovMS.Sprint1.Task1.V24.Lib\Tyuiu.ShabanovMS.Sprint1.Task1.V24.Lib.csproj", "{CE40B8A2-A709-405D-9932-0DFA7DA7CD7E}"
EndProject
Project("{FAE04EC0-301F-11D3-BF4B-00C04F79EFBC}") = "Tyuiu.ShabanovMS.Sprint1.Task1.V24.Test", "Tyuiu.ShabanovMS.Sprint1.Task1.V24.Test\Tyuiu.ShabanovMS.Sprint1.Task1.V24.Test.csproj", "{99AB5426-8A4E-46A1-B20E-736A7493F8A2}"
EndProject
Project("{FAE04EC0-301F-11D3-BF4B-00C04F79EFBC}") = "Tyuiu.ShabanovMS.Sprint1.Task0.V25", "Tyuiu.ShabanovMS.Sprint1.Task0.V25\Tyuiu.ShabanovMS.Sprint1.Task0.V25.csproj", "{7C5047D4-C6E1-4E42-A8E7-9B02D388C2F3}"
EndProject
Global
	GlobalSection(SolutionConfigurationPlatforms) = preSolution
		Debug|Any CPU = Debug|Any CPU
		Release|Any CPU = Release|Any CPU
	EndGlobalSection
	GlobalSection(ProjectConfigurationPlatforms) = postSolution
		{8ADE8EE3-C0C2-4FEE-A76E-F967E3330F74}.Debug|Any CPU.ActiveCfg = Debug|Any CPU
		{8ADE8EE3-C0C2-4FEE-A76E-F967E3330F74}.Debug|Any CPU.Build.0 = Debug|Any CPU
		{8ADE8EE3-C0C2-4FEE-A76E-F967E3330F74}.Release|Any CPU.ActiveCfg = Release|Any CPU
		{8ADE8EE3-C0C2-4FEE-A76E-F967E3330F74}.Release|Any CPU.Build.0 = Release|Any CPU
		{3229EBAC-ACD2-4A89-889E-B77DA25F0582}.Debug|Any CPU.ActiveCfg = Debug|Any CPU
		{3229EBAC-ACD2-4A89-889E-B77DA25F0582}.Debug|Any CPU.Build.0 = Debug|Any CPU
		{3229EBAC-ACD2-4A89-889E-B77DA25F0582}.Release|Any CPU.ActiveCfg = Release|Any CPU
		{3229EBAC-ACD2-4A89-889E-B77DA25F0582}.Release|Any CPU.Build.0 = Release|Any CPU
		{399F49E7-93D1-43B3-B4B5-274059DF3861}.Debug|Any CPU.ActiveCfg = Debug|Any CPU
		{399F49E7-93D1-43B3-B4B5-274059DF3861}.Debug|Any CPU.Build.0 = Debug|Any CPU
		{399F49E7-93D1-43B3-B4B5-274059DF3861}.Release|Any CPU.ActiveCfg = Release|Any CPU
		{399F49E7-93D1-43B3-B4B5-274059DF3861}.Release|Any CPU.Build.0 = Release|Any CPU
		{CE40B8A2-A709-405D-9932-0DFA7DA7CD7E}.Debug|Any CPU.ActiveCfg = Debug|Any CPU
		{CE40B8A2-A709-405D-9932-0DFA7DA7CD7E}.Debug|Any CPU.Build.0 = Debug|Any CPU
		{CE40B8A2-A709-405D-9932-0DFA7DA7CD7E}.Release|Any CPU.ActiveCfg = Release|Any CPU
		{CE40B8A2-A709-405D-9932-0DFA7DA7CD7E}.Release|Any CPU.Build.0 = Release|Any CPU
		{99AB5426-8A4E-46A1-B20E-736A7493F8A2}.Debug|Any CPU.ActiveCfg = Debug|Any CPU
		{99AB5426-8A4E-46A1-B20E-736A7493F8A2}.Debug|Any CPU.Build.0 = Debug|Any CPU
		{99AB5426-8A4E-46A1-B20E-736A7493F8A2}.Release|Any CPU.ActiveCfg = Release|Any CPU
		{99AB5426-8A4E-46A1-B20E-736A7493F8A2}.Release|Any CPU.Build.0 = Release|Any CPU
		{7C5047D4-C6E1-4E42-A8E7-9B02D388C2F3}.Debug|Any CPU.ActiveCfg = Debug|Any CPU
		{7C5047D4-C6E1-4E42-A8E7-9B02D388C2F3}.Debug|Any CPU.Build.0 = Debug|Any CPU
		{7C5047D4-C6E1-4E42-A8E7-9B02D388C2F3}.Release|Any CPU.ActiveCfg = Release|Any CPU
		{7C5047D4-C6E1-4E42-A8E7-9B02D388C2F3}.Release|Any CPU.Build.0 = Release|Any CPU
	EndGlobalSection
	GlobalSection(SolutionProperties) = preSolution
		HideSolutionNode = FALSE
	EndGlobalSection
	GlobalSection(NestedProjects) = preSolution
		{8ADE8EE3-C0C2-4FEE-A76E-F967E3330F74} = {B5E5AF20-7A21-4396-A587-DF015E399720}
		{3229EBAC-ACD2-4A89-889E-B77DA25F0582} = {B5E5AF20-7A21-4396-A587-DF015E399720}
		{399F49E7-93D1-43B3-B4B5-274059DF3861} = {9858D5E7-0240-4814-A642-E123839324E3}
		{CE40B8A2-A709-405D-9932-0DFA7DA7CD7E} = {9858D5E7-0240-4814-A642-E123839324E3}
		{99AB5426-8A4E-46A1-B20E-736A7493F8A2} = {9858D5E7-0240-4814-A642-E123839324E3}
		{7C5047D4-C6E1-4E42-A8E7-9B02D388C2F3} = {B5E5AF20-7A21-4396-A587-DF015E399720}
	EndGlobalSection
	GlobalSection(ExtensibilityGlobals) = postSolution
		SolutionGuid = {17A692B8-BB01-4BB3-88E4-C9E2241D5CA8}
	EndGlobalSection
EndGlobal
